
Microsoft Visual Studio Solution File, Format Version 11.00
# Visual Studio 2010
Project("{FAE04EC0-301F-11D3-BF4B-00C04F79EFBC}") = "Assembly-CSharp", "Assembly-CSharp.csproj", "{5e575478-9510-932a-ea54-3b0627128078}"
EndProject
Project("{FAE04EC0-301F-11D3-BF4B-00C04F79EFBC}") = "Assembly-CSharp-Editor", "Assembly-CSharp-Editor.csproj", "{97962de8-cc87-6ce0-005b-50b5c91e06fe}"
EndProject
Global
	GlobalSection(SolutionConfigurationPlatforms) = preSolution
		Debug|Any CPU = Debug|Any CPU
	EndGlobalSection
	GlobalSection(ProjectConfigurationPlatforms) = postSolution
		{5e575478-9510-932a-ea54-3b0627128078}.Debug|Any CPU.ActiveCfg = Debug|Any CPU
		{5e575478-9510-932a-ea54-3b0627128078}.Debug|Any CPU.Build.0 = Debug|Any CPU
		{97962de8-cc87-6ce0-005b-50b5c91e06fe}.Debug|Any CPU.ActiveCfg = Debug|Any CPU
		{97962de8-cc87-6ce0-005b-50b5c91e06fe}.Debug|Any CPU.Build.0 = Debug|Any CPU
	EndGlobalSection
	GlobalSection(SolutionProperties) = preSolution
		HideSolutionNode = FALSE
	EndGlobalSection
EndGlobal
