
Microsoft Visual Studio Solution File, Format Version 12.00
# Visual Studio 15
Project("{FAE04EC0-301F-11D3-BF4B-00C04F79EFBC}") = "Assembly-CSharp", "Assembly-CSharp.csproj", "{7854575E-1095-2A93-EA54-3B0627128078}"
EndProject
Project("{FAE04EC0-301F-11D3-BF4B-00C04F79EFBC}") = "Assembly-CSharp-Editor", "Assembly-CSharp-Editor.csproj", "{E82D9697-87CC-E06C-005B-50B5C91E06FE}"
EndProject
Global
	GlobalSection(SolutionConfigurationPlatforms) = preSolution
		Debug|Any CPU = Debug|Any CPU
		Release|Any CPU = Release|Any CPU
	EndGlobalSection
	GlobalSection(ProjectConfigurationPlatforms) = postSolution
		{7854575E-1095-2A93-EA54-3B0627128078}.Debug|Any CPU.ActiveCfg = Debug|Any CPU
		{7854575E-1095-2A93-EA54-3B0627128078}.Debug|Any CPU.Build.0 = Debug|Any CPU
		{7854575E-1095-2A93-EA54-3B0627128078}.Release|Any CPU.ActiveCfg = Release|Any CPU
		{7854575E-1095-2A93-EA54-3B0627128078}.Release|Any CPU.Build.0 = Release|Any CPU
		{E82D9697-87CC-E06C-005B-50B5C91E06FE}.Debug|Any CPU.ActiveCfg = Debug|Any CPU
		{E82D9697-87CC-E06C-005B-50B5C91E06FE}.Debug|Any CPU.Build.0 = Debug|Any CPU
		{E82D9697-87CC-E06C-005B-50B5C91E06FE}.Release|Any CPU.ActiveCfg = Release|Any CPU
		{E82D9697-87CC-E06C-005B-50B5C91E06FE}.Release|Any CPU.Build.0 = Release|Any CPU
	EndGlobalSection
	GlobalSection(SolutionProperties) = preSolution
		HideSolutionNode = FALSE
	EndGlobalSection
EndGlobal
